github.com/caarlos0/env/v10 v10.0.0 h1:yIHUBZGsyqCnpTkbjk8asUlx6RFhhEs+h7TOBdgdzXA=
github.com/caarlos0/env/v10 v10.0.0/go.mod h1:ZfulV76NvVPw3tm591U4SwL3Xx9ldzBP9aGxzeN7G18=
github.com/haochen233/socks5 v1.0.0 h1:OSC4QGjKxdb7hznD7B6v7Lg5t0liq9YR29Qk9P2metM=
github.com/haochen233/socks5 v1.0.0/go.mod h1:EoQMEeagQ7UP/h+jeFwDV+0Av7zb45iPN6ZWrDKexD0=
